
Microsoft Visual Studio Solution File, Format Version 12.00
# Visual Studio Version 16
VisualStudioVersion = 16.0.30503.244
MinimumVisualStudioVersion = 10.0.40219.1
Project("{9A19103F-16F7-4668-BE54-9A1E7A4F7556}") = "SimcProfileParser", "SimcProfileParser\SimcProfileParser.csproj", "{EB4F99CF-3FE8-46EE-9013-39D22D6C99F2}"
EndProject
Project("{FAE04EC0-301F-11D3-BF4B-00C04F79EFBC}") = "SimcProfileParser.Tests", "SimcProfileParser.Tests\SimcProfileParser.Tests.csproj", "{03DB8B83-CCA9-4A1B-849A-3ACB0C83F988}"
EndProject
Project("{2150E333-8FDC-42A3-9474-1A3956D46DE8}") = "Solution Items", "Solution Items", "{79428479-5FE0-4354-A486-6DF7449B3EA9}"
	ProjectSection(SolutionItems) = preProject
		.gitignore = .gitignore
		LICENSE = LICENSE
		README.md = README.md
	EndProjectSection
EndProject
Global
	GlobalSection(SolutionConfigurationPlatforms) = preSolution
		Debug|Any CPU = Debug|Any CPU
		Release|Any CPU = Release|Any CPU
	EndGlobalSection
	GlobalSection(ProjectConfigurationPlatforms) = postSolution
		{EB4F99CF-3FE8-46EE-9013-39D22D6C99F2}.Debug|Any CPU.ActiveCfg = Debug|Any CPU
		{EB4F99CF-3FE8-46EE-9013-39D22D6C99F2}.Debug|Any CPU.Build.0 = Debug|Any CPU
		{EB4F99CF-3FE8-46EE-9013-39D22D6C99F2}.Release|Any CPU.ActiveCfg = Release|Any CPU
		{EB4F99CF-3FE8-46EE-9013-39D22D6C99F2}.Release|Any CPU.Build.0 = Release|Any CPU
		{03DB8B83-CCA9-4A1B-849A-3ACB0C83F988}.Debug|Any CPU.ActiveCfg = Debug|Any CPU
		{03DB8B83-CCA9-4A1B-849A-3ACB0C83F988}.Debug|Any CPU.Build.0 = Debug|Any CPU
		{03DB8B83-CCA9-4A1B-849A-3ACB0C83F988}.Release|Any CPU.ActiveCfg = Release|Any CPU
		{03DB8B83-CCA9-4A1B-849A-3ACB0C83F988}.Release|Any CPU.Build.0 = Release|Any CPU
	EndGlobalSection
	GlobalSection(SolutionProperties) = preSolution
		HideSolutionNode = FALSE
	EndGlobalSection
	GlobalSection(ExtensibilityGlobals) = postSolution
		SolutionGuid = {9EF79872-6253-455A-8806-9A4E261BF750}
	EndGlobalSection
EndGlobal
